
Microsoft Visual Studio Solution File, Format Version 12.00
# Visual Studio Version 17
VisualStudioVersion = 17.0.31903.59
MinimumVisualStudioVersion = 10.0.40219.1
Project("{2150E333-8FDC-42A3-9474-1A3956D46DE8}") = "UI", "UI", "{FA674B5A-3394-926C-2B1E-70E5B00E4A5C}"
EndProject
Project("{2150E333-8FDC-42A3-9474-1A3956D46DE8}") = "src", "src", "{01E8AB42-5ABD-E289-28CE-AA0EDB659452}"
EndProject
Project("{F2A71F9B-5D33-465A-A702-920D77279786}") = "App", "UI\src\App.fsproj", "{C93E5756-DE7E-47A5-AA0D-5F8110795016}"
EndProject
Project("{2150E333-8FDC-42A3-9474-1A3956D46DE8}") = "Transaction", "Transaction", "{29660470-A876-4FC6-73A3-DB10C6BF2E6F}"
EndProject
Project("{2150E333-8FDC-42A3-9474-1A3956D46DE8}") = "App", "App", "{1B0ADE3F-1E96-2C17-1CC2-83D427727F00}"
EndProject
Project("{F2A71F9B-5D33-465A-A702-920D77279786}") = "Transaction.App", "Transaction\App\Transaction.App.fsproj", "{4FB71D5A-21FC-438F-9377-AFD0FDDBE24B}"
EndProject
Project("{2150E333-8FDC-42A3-9474-1A3956D46DE8}") = "Domain", "Domain", "{F478710B-A13E-193E-8378-5687AF7CA53A}"
EndProject
Project("{F2A71F9B-5D33-465A-A702-920D77279786}") = "Transaction.Domain", "Transaction\Domain\Transaction.Domain.fsproj", "{D6A43F8A-DA70-48FE-AF1A-8B0DC24CEB9A}"
EndProject
Project("{F2A71F9B-5D33-465A-A702-920D77279786}") = "Database", "Database\Database.fsproj", "{ACAF66D3-207E-4D52-B9EE-37F1CC4B5FAC}"
EndProject
Project("{F2A71F9B-5D33-465A-A702-920D77279786}") = "MockPartnerBank.Service", "MockPartnerBank.Service\MockPartnerBank.Service.fsproj", "{1E0F7AD6-6B8D-466C-9A90-ED9EF71B86F1}"
EndProject
Project("{2150E333-8FDC-42A3-9474-1A3956D46DE8}") = "SignalR", "SignalR", "{6AA2361A-6515-DC5C-4057-15DAC2F3B053}"
EndProject
Project("{2150E333-8FDC-42A3-9474-1A3956D46DE8}") = "App", "App", "{0E9A6662-99D9-7CED-9C17-92E2A5CA3BDB}"
EndProject
Project("{F2A71F9B-5D33-465A-A702-920D77279786}") = "SignalR.App", "SignalR\App\SignalR.App.fsproj", "{235ACB97-8670-4209-8968-59F2E4CE895C}"
EndProject
Project("{2150E333-8FDC-42A3-9474-1A3956D46DE8}") = "Domain", "Domain", "{9792D0A1-AAF2-CA92-9D04-BA59B1DC275D}"
EndProject
Project("{F2A71F9B-5D33-465A-A702-920D77279786}") = "SignalR.Domain", "SignalR\Domain\SignalR.Domain.fsproj", "{52F5A15D-1CD4-4B55-9A74-CF9B87B55138}"
EndProject
Project("{2150E333-8FDC-42A3-9474-1A3956D46DE8}") = "Org", "Org", "{96057BA4-C883-252C-EB7C-26DCE4B5B25F}"
EndProject
Project("{2150E333-8FDC-42A3-9474-1A3956D46DE8}") = "App", "App", "{B72E2F67-263C-F3F3-78AC-13C3D64E242F}"
EndProject
Project("{F2A71F9B-5D33-465A-A702-920D77279786}") = "Org.App", "Org\App\Org.App.fsproj", "{8DE22365-9F83-4CF7-8E2A-F4E540337F4B}"
EndProject
Project("{2150E333-8FDC-42A3-9474-1A3956D46DE8}") = "Domain", "Domain", "{5EA27454-7380-63D9-3973-810B99B39E2E}"
EndProject
Project("{F2A71F9B-5D33-465A-A702-920D77279786}") = "Org.Domain", "Org\Domain\Org.Domain.fsproj", "{495B1ED9-7DA2-4526-B3D9-07B9F90DFC08}"
EndProject
Project("{F2A71F9B-5D33-465A-A702-920D77279786}") = "Web", "Web\Web.fsproj", "{4106C0E7-BE8C-49AD-9FCE-6DDA12A3590C}"
EndProject
Project("{2150E333-8FDC-42A3-9474-1A3956D46DE8}") = "Payment", "Payment", "{BC32782B-3DC9-3934-259F-F436AC525407}"
EndProject
Project("{2150E333-8FDC-42A3-9474-1A3956D46DE8}") = "App", "App", "{052E2ECF-9146-DC23-DE0A-B0CD5538AA39}"
EndProject
Project("{F2A71F9B-5D33-465A-A702-920D77279786}") = "Payment.App", "Payment\App\Payment.App.fsproj", "{E3633F2F-5F86-4791-A9F9-AAA1A1CECF83}"
EndProject
Project("{2150E333-8FDC-42A3-9474-1A3956D46DE8}") = "Domain", "Domain", "{F34127F3-70CF-6B6A-37C9-12468CD695BC}"
EndProject
Project("{F2A71F9B-5D33-465A-A702-920D77279786}") = "Payment.Domain", "Payment\Domain\Payment.Domain.fsproj", "{856724B4-1C66-42B8-9CB4-34A6CDF7504E}"
EndProject
Project("{2150E333-8FDC-42A3-9474-1A3956D46DE8}") = "Transfer", "Transfer", "{99182B5F-6018-9719-2446-2A2AE446DCA6}"
EndProject
Project("{2150E333-8FDC-42A3-9474-1A3956D46DE8}") = "App", "App", "{668B5235-C943-1CD9-7173-46D6CD774085}"
EndProject
Project("{F2A71F9B-5D33-465A-A702-920D77279786}") = "Transfer.App", "Transfer\App\Transfer.App.fsproj", "{26C193F4-ABB7-4769-90A2-1527223E2A4B}"
EndProject
Project("{2150E333-8FDC-42A3-9474-1A3956D46DE8}") = "Domain", "Domain", "{752C5964-CE9E-6EFE-52AA-1111D3E2B59D}"
EndProject
Project("{F2A71F9B-5D33-465A-A702-920D77279786}") = "Transfer.Domain", "Transfer\Domain\Transfer.Domain.fsproj", "{D851FFAA-3733-45F3-A67F-C995F2F18E6B}"
EndProject
Project("{2150E333-8FDC-42A3-9474-1A3956D46DE8}") = "Scheduler", "Scheduler", "{A8173BD2-A951-70AA-9D22-2A5D9E99F29F}"
EndProject
Project("{2150E333-8FDC-42A3-9474-1A3956D46DE8}") = "App", "App", "{DCE00436-58A0-AFBF-B2D6-722EF8245ECD}"
EndProject
Project("{F2A71F9B-5D33-465A-A702-920D77279786}") = "Scheduler.App", "Scheduler\App\Scheduler.App.fsproj", "{B417550F-D182-4903-B540-8311A3906EBB}"
EndProject
Project("{2150E333-8FDC-42A3-9474-1A3956D46DE8}") = "Service", "Service", "{D966E896-5B2F-AA0C-FC56-DEE5CF9B6E97}"
EndProject
Project("{F2A71F9B-5D33-465A-A702-920D77279786}") = "Scheduler.Service", "Scheduler\Service\Scheduler.Service.fsproj", "{5466FF04-C030-4943-9296-C5BC50239146}"
EndProject
Project("{2150E333-8FDC-42A3-9474-1A3956D46DE8}") = "Domain", "Domain", "{F3E23750-12C7-1695-7D41-3FBB8C38F7C9}"
EndProject
Project("{F2A71F9B-5D33-465A-A702-920D77279786}") = "Scheduler.Domain", "Scheduler\Domain\Scheduler.Domain.fsproj", "{2F845355-75A2-48FD-8AC5-0A02C354B498}"
EndProject
Project("{2150E333-8FDC-42A3-9474-1A3956D46DE8}") = "Saga", "Saga", "{C3CA4413-DFB8-2631-51F4-46394FAD4AC1}"
EndProject
Project("{2150E333-8FDC-42A3-9474-1A3956D46DE8}") = "App", "App", "{BA2F7468-BA00-469B-E861-FE406587C9E9}"
EndProject
Project("{F2A71F9B-5D33-465A-A702-920D77279786}") = "Saga.App", "Saga\App\Saga.App.fsproj", "{EEF5FF8B-341F-4F2E-9B49-2A2AD1CCF3E9}"
EndProject
Project("{2150E333-8FDC-42A3-9474-1A3956D46DE8}") = "Domain", "Domain", "{F2DCF30E-B187-B208-CCEA-C26FA7B5A2E2}"
EndProject
Project("{F2A71F9B-5D33-465A-A702-920D77279786}") = "Saga.Domain", "Saga\Domain\Saga.Domain.fsproj", "{001BDEB6-2889-4200-98A8-8EA67B5AB23E}"
EndProject
Project("{2150E333-8FDC-42A3-9474-1A3956D46DE8}") = "Lib", "Lib", "{3A8DF596-E814-FECC-DD4B-D8EF8AAC1A0D}"
EndProject
Project("{2150E333-8FDC-42A3-9474-1A3956D46DE8}") = "SharedClientServer", "SharedClientServer", "{92F3483D-0A8B-05B3-1E22-33F8322F0CA5}"
EndProject
Project("{F2A71F9B-5D33-465A-A702-920D77279786}") = "Lib.SharedClientServer", "Lib\SharedClientServer\Lib.SharedClientServer.fsproj", "{D7D809C4-304A-458D-9493-CB2D96055C18}"
EndProject
Project("{2150E333-8FDC-42A3-9474-1A3956D46DE8}") = "Server", "Server", "{7FC56B99-861D-49E5-428D-4582CD8DD1D5}"
EndProject
Project("{F2A71F9B-5D33-465A-A702-920D77279786}") = "Lib.Server", "Lib\Server\Lib.Server.fsproj", "{EC3642D0-A221-4B3C-AD83-C50EF7EEE7BF}"
EndProject
Project("{2150E333-8FDC-42A3-9474-1A3956D46DE8}") = "CrossCutting", "CrossCutting", "{07F5AA3B-29D3-4E1E-BF8D-AEFDFBAD1409}"
EndProject
Project("{F2A71F9B-5D33-465A-A702-920D77279786}") = "Lib.CrossCutting", "Lib\CrossCutting\Lib.CrossCutting.fsproj", "{70B01407-5D4F-4BB6-B7C5-C2327A180FB2}"
EndProject
Project("{2150E333-8FDC-42A3-9474-1A3956D46DE8}") = "Account", "Account", "{36763789-9611-A6A3-24EE-65C881927263}"
EndProject
Project("{2150E333-8FDC-42A3-9474-1A3956D46DE8}") = "App", "App", "{8BFEA644-3627-CE07-6443-D9DD1F95A82F}"
EndProject
Project("{F2A71F9B-5D33-465A-A702-920D77279786}") = "Account.App", "Account\App\Account.App.fsproj", "{D2A8C5B3-9414-4D9A-B661-8FF375B39152}"
EndProject
Project("{2150E333-8FDC-42A3-9474-1A3956D46DE8}") = "Service", "Service", "{904FCCB8-8B6B-E2C8-B419-0076B3AA77DB}"
EndProject
Project("{F2A71F9B-5D33-465A-A702-920D77279786}") = "Account.Service", "Account\Service\Account.Service.fsproj", "{49AE607F-D1CD-4172-8375-F8A3D0F6A6CF}"
EndProject
Project("{2150E333-8FDC-42A3-9474-1A3956D46DE8}") = "Domain", "Domain", "{5F91F92D-A507-0C76-FCD8-00031E119CE9}"
EndProject
Project("{F2A71F9B-5D33-465A-A702-920D77279786}") = "Account.Domain", "Account\Domain\Account.Domain.fsproj", "{5AE32E90-76F6-4BF8-8595-549D8F439E8B}"
EndProject
Project("{F2A71F9B-5D33-465A-A702-920D77279786}") = "Infrastructure", "Infrastructure\Infrastructure.fsproj", "{1BA2CC6A-C344-4DBD-85C8-50BC5B9ED3DC}"
EndProject
Project("{2150E333-8FDC-42A3-9474-1A3956D46DE8}") = "Employee", "Employee", "{07D97907-A4FB-2718-30A9-6954E84DBCDB}"
EndProject
Project("{2150E333-8FDC-42A3-9474-1A3956D46DE8}") = "App", "App", "{B6B528EE-D85A-2C70-4A24-7AB313657DB9}"
EndProject
Project("{F2A71F9B-5D33-465A-A702-920D77279786}") = "Employee.App", "Employee\App\Employee.App.fsproj", "{74443452-AF43-4295-BDBA-22177BF2D20F}"
EndProject
Project("{2150E333-8FDC-42A3-9474-1A3956D46DE8}") = "Domain", "Domain", "{D4418108-81E5-E722-4653-151A2336E390}"
EndProject
Project("{F2A71F9B-5D33-465A-A702-920D77279786}") = "Employee.Domain", "Employee\Domain\Employee.Domain.fsproj", "{1E670C9D-4E64-4919-B26B-35C59348FC1F}"
EndProject
Project("{2150E333-8FDC-42A3-9474-1A3956D46DE8}") = "Notifications", "Notifications", "{C30EA34C-96E3-EEAB-A84E-085AED71DD06}"
EndProject
Project("{2150E333-8FDC-42A3-9474-1A3956D46DE8}") = "App", "App", "{AD4A5224-435E-E2D3-D4FC-0CCF36E01D35}"
EndProject
Project("{F2A71F9B-5D33-465A-A702-920D77279786}") = "Notifications.App", "Notifications\App\Notifications.App.fsproj", "{C65CD0FE-0049-4270-885A-D50383AB4CCA}"
EndProject
Project("{2150E333-8FDC-42A3-9474-1A3956D46DE8}") = "Domain", "Domain", "{9E7D0406-0D25-503C-DFAB-2ADB2791A418}"
EndProject
Project("{F2A71F9B-5D33-465A-A702-920D77279786}") = "Notifications.Domain", "Notifications\Domain\Notifications.Domain.fsproj", "{86752E04-961C-48A5-8C17-F6E2065D35C3}"
EndProject
Project("{2150E333-8FDC-42A3-9474-1A3956D46DE8}") = "Billing", "Billing", "{7FB7646D-4138-FB10-37A1-8D15C194EAE0}"
EndProject
Project("{2150E333-8FDC-42A3-9474-1A3956D46DE8}") = "App", "App", "{89EE2FCB-0E09-A417-1653-0A77BA88F3FB}"
EndProject
Project("{F2A71F9B-5D33-465A-A702-920D77279786}") = "Billing.App", "Billing\App\Billing.App.fsproj", "{B651CE24-7719-47AB-9B39-F4FBCD13AFA4}"
EndProject
Project("{2150E333-8FDC-42A3-9474-1A3956D46DE8}") = "Domain", "Domain", "{4FE70075-1FD5-5ACC-04A8-EA72D9C6EC59}"
EndProject
Project("{F2A71F9B-5D33-465A-A702-920D77279786}") = "Billing.Domain", "Billing\Domain\Billing.Domain.fsproj", "{948852A6-CBA8-4163-931E-E8B1A6C08E48}"
EndProject
Project("{2150E333-8FDC-42A3-9474-1A3956D46DE8}") = "Test", "Test", "{12345678-1234-1234-1234-123456789012}"
EndProject
Project("{F2A71F9B-5D33-465A-A702-920D77279786}") = "Test.SharedClientServer", "Test\SharedClientServer\tests\Test.SharedClientServer.fsproj", "{23456789-2345-2345-2345-23456789ABCD}"
EndProject
Project("{2150E333-8FDC-42A3-9474-1A3956D46DE8}") = "PartnerBank", "PartnerBank", "{9F786E33-3F68-94F4-D1DA-713E9CA48321}"
EndProject
Project("{2150E333-8FDC-42A3-9474-1A3956D46DE8}") = "Domain", "Domain", "{114BC79A-3D59-E7C5-771D-BB1E52A6D47D}"
EndProject
Project("{F2A71F9B-5D33-465A-A702-920D77279786}") = "PartnerBank.Domain", "PartnerBank\Domain\PartnerBank.Domain.fsproj", "{335E152C-33DE-4E58-AFB9-89DF5C887290}"
EndProject
Project("{2150E333-8FDC-42A3-9474-1A3956D46DE8}") = "App", "App", "{A570D51E-5239-BEC9-DF0C-4EA8ADF70155}"
EndProject
Project("{F2A71F9B-5D33-465A-A702-920D77279786}") = "PartnerBank.App", "PartnerBank\App\PartnerBank.App.fsproj", "{F4C32BF4-D7E3-4FAD-BF0C-4281B363A6F7}"
EndProject
Global
	GlobalSection(SolutionConfigurationPlatforms) = preSolution
		Debug|Any CPU = Debug|Any CPU
		Debug|x64 = Debug|x64
		Debug|x86 = Debug|x86
		Release|Any CPU = Release|Any CPU
		Release|x64 = Release|x64
		Release|x86 = Release|x86
	EndGlobalSection
	GlobalSection(ProjectConfigurationPlatforms) = postSolution
		{C93E5756-DE7E-47A5-AA0D-5F8110795016}.Debug|Any CPU.ActiveCfg = Debug|Any CPU
		{C93E5756-DE7E-47A5-AA0D-5F8110795016}.Debug|Any CPU.Build.0 = Debug|Any CPU
		{C93E5756-DE7E-47A5-AA0D-5F8110795016}.Debug|x64.ActiveCfg = Debug|Any CPU
		{C93E5756-DE7E-47A5-AA0D-5F8110795016}.Debug|x64.Build.0 = Debug|Any CPU
		{C93E5756-DE7E-47A5-AA0D-5F8110795016}.Debug|x86.ActiveCfg = Debug|Any CPU
		{C93E5756-DE7E-47A5-AA0D-5F8110795016}.Debug|x86.Build.0 = Debug|Any CPU
		{C93E5756-DE7E-47A5-AA0D-5F8110795016}.Release|Any CPU.ActiveCfg = Release|Any CPU
		{C93E5756-DE7E-47A5-AA0D-5F8110795016}.Release|Any CPU.Build.0 = Release|Any CPU
		{C93E5756-DE7E-47A5-AA0D-5F8110795016}.Release|x64.ActiveCfg = Release|Any CPU
		{C93E5756-DE7E-47A5-AA0D-5F8110795016}.Release|x64.Build.0 = Release|Any CPU
		{C93E5756-DE7E-47A5-AA0D-5F8110795016}.Release|x86.ActiveCfg = Release|Any CPU
		{C93E5756-DE7E-47A5-AA0D-5F8110795016}.Release|x86.Build.0 = Release|Any CPU
		{4FB71D5A-21FC-438F-9377-AFD0FDDBE24B}.Debug|Any CPU.ActiveCfg = Debug|Any CPU
		{4FB71D5A-21FC-438F-9377-AFD0FDDBE24B}.Debug|Any CPU.Build.0 = Debug|Any CPU
		{4FB71D5A-21FC-438F-9377-AFD0FDDBE24B}.Debug|x64.ActiveCfg = Debug|Any CPU
		{4FB71D5A-21FC-438F-9377-AFD0FDDBE24B}.Debug|x64.Build.0 = Debug|Any CPU
		{4FB71D5A-21FC-438F-9377-AFD0FDDBE24B}.Debug|x86.ActiveCfg = Debug|Any CPU
		{4FB71D5A-21FC-438F-9377-AFD0FDDBE24B}.Debug|x86.Build.0 = Debug|Any CPU
		{4FB71D5A-21FC-438F-9377-AFD0FDDBE24B}.Release|Any CPU.ActiveCfg = Release|Any CPU
		{4FB71D5A-21FC-438F-9377-AFD0FDDBE24B}.Release|Any CPU.Build.0 = Release|Any CPU
		{4FB71D5A-21FC-438F-9377-AFD0FDDBE24B}.Release|x64.ActiveCfg = Release|Any CPU
		{4FB71D5A-21FC-438F-9377-AFD0FDDBE24B}.Release|x64.Build.0 = Release|Any CPU
		{4FB71D5A-21FC-438F-9377-AFD0FDDBE24B}.Release|x86.ActiveCfg = Release|Any CPU
		{4FB71D5A-21FC-438F-9377-AFD0FDDBE24B}.Release|x86.Build.0 = Release|Any CPU
		{D6A43F8A-DA70-48FE-AF1A-8B0DC24CEB9A}.Debug|Any CPU.ActiveCfg = Debug|Any CPU
		{D6A43F8A-DA70-48FE-AF1A-8B0DC24CEB9A}.Debug|Any CPU.Build.0 = Debug|Any CPU
		{D6A43F8A-DA70-48FE-AF1A-8B0DC24CEB9A}.Debug|x64.ActiveCfg = Debug|Any CPU
		{D6A43F8A-DA70-48FE-AF1A-8B0DC24CEB9A}.Debug|x64.Build.0 = Debug|Any CPU
		{D6A43F8A-DA70-48FE-AF1A-8B0DC24CEB9A}.Debug|x86.ActiveCfg = Debug|Any CPU
		{D6A43F8A-DA70-48FE-AF1A-8B0DC24CEB9A}.Debug|x86.Build.0 = Debug|Any CPU
		{D6A43F8A-DA70-48FE-AF1A-8B0DC24CEB9A}.Release|Any CPU.ActiveCfg = Release|Any CPU
		{D6A43F8A-DA70-48FE-AF1A-8B0DC24CEB9A}.Release|Any CPU.Build.0 = Release|Any CPU
		{D6A43F8A-DA70-48FE-AF1A-8B0DC24CEB9A}.Release|x64.ActiveCfg = Release|Any CPU
		{D6A43F8A-DA70-48FE-AF1A-8B0DC24CEB9A}.Release|x64.Build.0 = Release|Any CPU
		{D6A43F8A-DA70-48FE-AF1A-8B0DC24CEB9A}.Release|x86.ActiveCfg = Release|Any CPU
		{D6A43F8A-DA70-48FE-AF1A-8B0DC24CEB9A}.Release|x86.Build.0 = Release|Any CPU
		{ACAF66D3-207E-4D52-B9EE-37F1CC4B5FAC}.Debug|Any CPU.ActiveCfg = Debug|Any CPU
		{ACAF66D3-207E-4D52-B9EE-37F1CC4B5FAC}.Debug|Any CPU.Build.0 = Debug|Any CPU
		{ACAF66D3-207E-4D52-B9EE-37F1CC4B5FAC}.Debug|x64.ActiveCfg = Debug|Any CPU
		{ACAF66D3-207E-4D52-B9EE-37F1CC4B5FAC}.Debug|x64.Build.0 = Debug|Any CPU
		{ACAF66D3-207E-4D52-B9EE-37F1CC4B5FAC}.Debug|x86.ActiveCfg = Debug|Any CPU
		{ACAF66D3-207E-4D52-B9EE-37F1CC4B5FAC}.Debug|x86.Build.0 = Debug|Any CPU
		{ACAF66D3-207E-4D52-B9EE-37F1CC4B5FAC}.Release|Any CPU.ActiveCfg = Release|Any CPU
		{ACAF66D3-207E-4D52-B9EE-37F1CC4B5FAC}.Release|Any CPU.Build.0 = Release|Any CPU
		{ACAF66D3-207E-4D52-B9EE-37F1CC4B5FAC}.Release|x64.ActiveCfg = Release|Any CPU
		{ACAF66D3-207E-4D52-B9EE-37F1CC4B5FAC}.Release|x64.Build.0 = Release|Any CPU
		{ACAF66D3-207E-4D52-B9EE-37F1CC4B5FAC}.Release|x86.ActiveCfg = Release|Any CPU
		{ACAF66D3-207E-4D52-B9EE-37F1CC4B5FAC}.Release|x86.Build.0 = Release|Any CPU
		{1E0F7AD6-6B8D-466C-9A90-ED9EF71B86F1}.Debug|Any CPU.ActiveCfg = Debug|Any CPU
		{1E0F7AD6-6B8D-466C-9A90-ED9EF71B86F1}.Debug|Any CPU.Build.0 = Debug|Any CPU
		{1E0F7AD6-6B8D-466C-9A90-ED9EF71B86F1}.Debug|x64.ActiveCfg = Debug|Any CPU
		{1E0F7AD6-6B8D-466C-9A90-ED9EF71B86F1}.Debug|x64.Build.0 = Debug|Any CPU
		{1E0F7AD6-6B8D-466C-9A90-ED9EF71B86F1}.Debug|x86.ActiveCfg = Debug|Any CPU
		{1E0F7AD6-6B8D-466C-9A90-ED9EF71B86F1}.Debug|x86.Build.0 = Debug|Any CPU
		{1E0F7AD6-6B8D-466C-9A90-ED9EF71B86F1}.Release|Any CPU.ActiveCfg = Release|Any CPU
		{1E0F7AD6-6B8D-466C-9A90-ED9EF71B86F1}.Release|Any CPU.Build.0 = Release|Any CPU
		{1E0F7AD6-6B8D-466C-9A90-ED9EF71B86F1}.Release|x64.ActiveCfg = Release|Any CPU
		{1E0F7AD6-6B8D-466C-9A90-ED9EF71B86F1}.Release|x64.Build.0 = Release|Any CPU
		{1E0F7AD6-6B8D-466C-9A90-ED9EF71B86F1}.Release|x86.ActiveCfg = Release|Any CPU
		{1E0F7AD6-6B8D-466C-9A90-ED9EF71B86F1}.Release|x86.Build.0 = Release|Any CPU
		{235ACB97-8670-4209-8968-59F2E4CE895C}.Debug|Any CPU.ActiveCfg = Debug|Any CPU
		{235ACB97-8670-4209-8968-59F2E4CE895C}.Debug|Any CPU.Build.0 = Debug|Any CPU
		{235ACB97-8670-4209-8968-59F2E4CE895C}.Debug|x64.ActiveCfg = Debug|Any CPU
		{235ACB97-8670-4209-8968-59F2E4CE895C}.Debug|x64.Build.0 = Debug|Any CPU
		{235ACB97-8670-4209-8968-59F2E4CE895C}.Debug|x86.ActiveCfg = Debug|Any CPU
		{235ACB97-8670-4209-8968-59F2E4CE895C}.Debug|x86.Build.0 = Debug|Any CPU
		{235ACB97-8670-4209-8968-59F2E4CE895C}.Release|Any CPU.ActiveCfg = Release|Any CPU
		{235ACB97-8670-4209-8968-59F2E4CE895C}.Release|Any CPU.Build.0 = Release|Any CPU
		{235ACB97-8670-4209-8968-59F2E4CE895C}.Release|x64.ActiveCfg = Release|Any CPU
		{235ACB97-8670-4209-8968-59F2E4CE895C}.Release|x64.Build.0 = Release|Any CPU
		{235ACB97-8670-4209-8968-59F2E4CE895C}.Release|x86.ActiveCfg = Release|Any CPU
		{235ACB97-8670-4209-8968-59F2E4CE895C}.Release|x86.Build.0 = Release|Any CPU
		{52F5A15D-1CD4-4B55-9A74-CF9B87B55138}.Debug|Any CPU.ActiveCfg = Debug|Any CPU
		{52F5A15D-1CD4-4B55-9A74-CF9B87B55138}.Debug|Any CPU.Build.0 = Debug|Any CPU
		{52F5A15D-1CD4-4B55-9A74-CF9B87B55138}.Debug|x64.ActiveCfg = Debug|Any CPU
		{52F5A15D-1CD4-4B55-9A74-CF9B87B55138}.Debug|x64.Build.0 = Debug|Any CPU
		{52F5A15D-1CD4-4B55-9A74-CF9B87B55138}.Debug|x86.ActiveCfg = Debug|Any CPU
		{52F5A15D-1CD4-4B55-9A74-CF9B87B55138}.Debug|x86.Build.0 = Debug|Any CPU
		{52F5A15D-1CD4-4B55-9A74-CF9B87B55138}.Release|Any CPU.ActiveCfg = Release|Any CPU
		{52F5A15D-1CD4-4B55-9A74-CF9B87B55138}.Release|Any CPU.Build.0 = Release|Any CPU
		{52F5A15D-1CD4-4B55-9A74-CF9B87B55138}.Release|x64.ActiveCfg = Release|Any CPU
		{52F5A15D-1CD4-4B55-9A74-CF9B87B55138}.Release|x64.Build.0 = Release|Any CPU
		{52F5A15D-1CD4-4B55-9A74-CF9B87B55138}.Release|x86.ActiveCfg = Release|Any CPU
		{52F5A15D-1CD4-4B55-9A74-CF9B87B55138}.Release|x86.Build.0 = Release|Any CPU
		{8DE22365-9F83-4CF7-8E2A-F4E540337F4B}.Debug|Any CPU.ActiveCfg = Debug|Any CPU
		{8DE22365-9F83-4CF7-8E2A-F4E540337F4B}.Debug|Any CPU.Build.0 = Debug|Any CPU
		{8DE22365-9F83-4CF7-8E2A-F4E540337F4B}.Debug|x64.ActiveCfg = Debug|Any CPU
		{8DE22365-9F83-4CF7-8E2A-F4E540337F4B}.Debug|x64.Build.0 = Debug|Any CPU
		{8DE22365-9F83-4CF7-8E2A-F4E540337F4B}.Debug|x86.ActiveCfg = Debug|Any CPU
		{8DE22365-9F83-4CF7-8E2A-F4E540337F4B}.Debug|x86.Build.0 = Debug|Any CPU
		{8DE22365-9F83-4CF7-8E2A-F4E540337F4B}.Release|Any CPU.ActiveCfg = Release|Any CPU
		{8DE22365-9F83-4CF7-8E2A-F4E540337F4B}.Release|Any CPU.Build.0 = Release|Any CPU
		{8DE22365-9F83-4CF7-8E2A-F4E540337F4B}.Release|x64.ActiveCfg = Release|Any CPU
		{8DE22365-9F83-4CF7-8E2A-F4E540337F4B}.Release|x64.Build.0 = Release|Any CPU
		{8DE22365-9F83-4CF7-8E2A-F4E540337F4B}.Release|x86.ActiveCfg = Release|Any CPU
		{8DE22365-9F83-4CF7-8E2A-F4E540337F4B}.Release|x86.Build.0 = Release|Any CPU
		{495B1ED9-7DA2-4526-B3D9-07B9F90DFC08}.Debug|Any CPU.ActiveCfg = Debug|Any CPU
		{495B1ED9-7DA2-4526-B3D9-07B9F90DFC08}.Debug|Any CPU.Build.0 = Debug|Any CPU
		{495B1ED9-7DA2-4526-B3D9-07B9F90DFC08}.Debug|x64.ActiveCfg = Debug|Any CPU
		{495B1ED9-7DA2-4526-B3D9-07B9F90DFC08}.Debug|x64.Build.0 = Debug|Any CPU
		{495B1ED9-7DA2-4526-B3D9-07B9F90DFC08}.Debug|x86.ActiveCfg = Debug|Any CPU
		{495B1ED9-7DA2-4526-B3D9-07B9F90DFC08}.Debug|x86.Build.0 = Debug|Any CPU
		{495B1ED9-7DA2-4526-B3D9-07B9F90DFC08}.Release|Any CPU.ActiveCfg = Release|Any CPU
		{495B1ED9-7DA2-4526-B3D9-07B9F90DFC08}.Release|Any CPU.Build.0 = Release|Any CPU
		{495B1ED9-7DA2-4526-B3D9-07B9F90DFC08}.Release|x64.ActiveCfg = Release|Any CPU
		{495B1ED9-7DA2-4526-B3D9-07B9F90DFC08}.Release|x64.Build.0 = Release|Any CPU
		{495B1ED9-7DA2-4526-B3D9-07B9F90DFC08}.Release|x86.ActiveCfg = Release|Any CPU
		{495B1ED9-7DA2-4526-B3D9-07B9F90DFC08}.Release|x86.Build.0 = Release|Any CPU
		{4106C0E7-BE8C-49AD-9FCE-6DDA12A3590C}.Debug|Any CPU.ActiveCfg = Debug|Any CPU
		{4106C0E7-BE8C-49AD-9FCE-6DDA12A3590C}.Debug|Any CPU.Build.0 = Debug|Any CPU
		{4106C0E7-BE8C-49AD-9FCE-6DDA12A3590C}.Debug|x64.ActiveCfg = Debug|Any CPU
		{4106C0E7-BE8C-49AD-9FCE-6DDA12A3590C}.Debug|x64.Build.0 = Debug|Any CPU
		{4106C0E7-BE8C-49AD-9FCE-6DDA12A3590C}.Debug|x86.ActiveCfg = Debug|Any CPU
		{4106C0E7-BE8C-49AD-9FCE-6DDA12A3590C}.Debug|x86.Build.0 = Debug|Any CPU
		{4106C0E7-BE8C-49AD-9FCE-6DDA12A3590C}.Release|Any CPU.ActiveCfg = Release|Any CPU
		{4106C0E7-BE8C-49AD-9FCE-6DDA12A3590C}.Release|Any CPU.Build.0 = Release|Any CPU
		{4106C0E7-BE8C-49AD-9FCE-6DDA12A3590C}.Release|x64.ActiveCfg = Release|Any CPU
		{4106C0E7-BE8C-49AD-9FCE-6DDA12A3590C}.Release|x64.Build.0 = Release|Any CPU
		{4106C0E7-BE8C-49AD-9FCE-6DDA12A3590C}.Release|x86.ActiveCfg = Release|Any CPU
		{4106C0E7-BE8C-49AD-9FCE-6DDA12A3590C}.Release|x86.Build.0 = Release|Any CPU
		{E3633F2F-5F86-4791-A9F9-AAA1A1CECF83}.Debug|Any CPU.ActiveCfg = Debug|Any CPU
		{E3633F2F-5F86-4791-A9F9-AAA1A1CECF83}.Debug|Any CPU.Build.0 = Debug|Any CPU
		{E3633F2F-5F86-4791-A9F9-AAA1A1CECF83}.Debug|x64.ActiveCfg = Debug|Any CPU
		{E3633F2F-5F86-4791-A9F9-AAA1A1CECF83}.Debug|x64.Build.0 = Debug|Any CPU
		{E3633F2F-5F86-4791-A9F9-AAA1A1CECF83}.Debug|x86.ActiveCfg = Debug|Any CPU
		{E3633F2F-5F86-4791-A9F9-AAA1A1CECF83}.Debug|x86.Build.0 = Debug|Any CPU
		{E3633F2F-5F86-4791-A9F9-AAA1A1CECF83}.Release|Any CPU.ActiveCfg = Release|Any CPU
		{E3633F2F-5F86-4791-A9F9-AAA1A1CECF83}.Release|Any CPU.Build.0 = Release|Any CPU
		{E3633F2F-5F86-4791-A9F9-AAA1A1CECF83}.Release|x64.ActiveCfg = Release|Any CPU
		{E3633F2F-5F86-4791-A9F9-AAA1A1CECF83}.Release|x64.Build.0 = Release|Any CPU
		{E3633F2F-5F86-4791-A9F9-AAA1A1CECF83}.Release|x86.ActiveCfg = Release|Any CPU
		{E3633F2F-5F86-4791-A9F9-AAA1A1CECF83}.Release|x86.Build.0 = Release|Any CPU
		{856724B4-1C66-42B8-9CB4-34A6CDF7504E}.Debug|Any CPU.ActiveCfg = Debug|Any CPU
		{856724B4-1C66-42B8-9CB4-34A6CDF7504E}.Debug|Any CPU.Build.0 = Debug|Any CPU
		{856724B4-1C66-42B8-9CB4-34A6CDF7504E}.Debug|x64.ActiveCfg = Debug|Any CPU
		{856724B4-1C66-42B8-9CB4-34A6CDF7504E}.Debug|x64.Build.0 = Debug|Any CPU
		{856724B4-1C66-42B8-9CB4-34A6CDF7504E}.Debug|x86.ActiveCfg = Debug|Any CPU
		{856724B4-1C66-42B8-9CB4-34A6CDF7504E}.Debug|x86.Build.0 = Debug|Any CPU
		{856724B4-1C66-42B8-9CB4-34A6CDF7504E}.Release|Any CPU.ActiveCfg = Release|Any CPU
		{856724B4-1C66-42B8-9CB4-34A6CDF7504E}.Release|Any CPU.Build.0 = Release|Any CPU
		{856724B4-1C66-42B8-9CB4-34A6CDF7504E}.Release|x64.ActiveCfg = Release|Any CPU
		{856724B4-1C66-42B8-9CB4-34A6CDF7504E}.Release|x64.Build.0 = Release|Any CPU
		{856724B4-1C66-42B8-9CB4-34A6CDF7504E}.Release|x86.ActiveCfg = Release|Any CPU
		{856724B4-1C66-42B8-9CB4-34A6CDF7504E}.Release|x86.Build.0 = Release|Any CPU
		{26C193F4-ABB7-4769-90A2-1527223E2A4B}.Debug|Any CPU.ActiveCfg = Debug|Any CPU
		{26C193F4-ABB7-4769-90A2-1527223E2A4B}.Debug|Any CPU.Build.0 = Debug|Any CPU
		{26C193F4-ABB7-4769-90A2-1527223E2A4B}.Debug|x64.ActiveCfg = Debug|Any CPU
		{26C193F4-ABB7-4769-90A2-1527223E2A4B}.Debug|x64.Build.0 = Debug|Any CPU
		{26C193F4-ABB7-4769-90A2-1527223E2A4B}.Debug|x86.ActiveCfg = Debug|Any CPU
		{26C193F4-ABB7-4769-90A2-1527223E2A4B}.Debug|x86.Build.0 = Debug|Any CPU
		{26C193F4-ABB7-4769-90A2-1527223E2A4B}.Release|Any CPU.ActiveCfg = Release|Any CPU
		{26C193F4-ABB7-4769-90A2-1527223E2A4B}.Release|Any CPU.Build.0 = Release|Any CPU
		{26C193F4-ABB7-4769-90A2-1527223E2A4B}.Release|x64.ActiveCfg = Release|Any CPU
		{26C193F4-ABB7-4769-90A2-1527223E2A4B}.Release|x64.Build.0 = Release|Any CPU
		{26C193F4-ABB7-4769-90A2-1527223E2A4B}.Release|x86.ActiveCfg = Release|Any CPU
		{26C193F4-ABB7-4769-90A2-1527223E2A4B}.Release|x86.Build.0 = Release|Any CPU
		{D851FFAA-3733-45F3-A67F-C995F2F18E6B}.Debug|Any CPU.ActiveCfg = Debug|Any CPU
		{D851FFAA-3733-45F3-A67F-C995F2F18E6B}.Debug|Any CPU.Build.0 = Debug|Any CPU
		{D851FFAA-3733-45F3-A67F-C995F2F18E6B}.Debug|x64.ActiveCfg = Debug|Any CPU
		{D851FFAA-3733-45F3-A67F-C995F2F18E6B}.Debug|x64.Build.0 = Debug|Any CPU
		{D851FFAA-3733-45F3-A67F-C995F2F18E6B}.Debug|x86.ActiveCfg = Debug|Any CPU
		{D851FFAA-3733-45F3-A67F-C995F2F18E6B}.Debug|x86.Build.0 = Debug|Any CPU
		{D851FFAA-3733-45F3-A67F-C995F2F18E6B}.Release|Any CPU.ActiveCfg = Release|Any CPU
		{D851FFAA-3733-45F3-A67F-C995F2F18E6B}.Release|Any CPU.Build.0 = Release|Any CPU
		{D851FFAA-3733-45F3-A67F-C995F2F18E6B}.Release|x64.ActiveCfg = Release|Any CPU
		{D851FFAA-3733-45F3-A67F-C995F2F18E6B}.Release|x64.Build.0 = Release|Any CPU
		{D851FFAA-3733-45F3-A67F-C995F2F18E6B}.Release|x86.ActiveCfg = Release|Any CPU
		{D851FFAA-3733-45F3-A67F-C995F2F18E6B}.Release|x86.Build.0 = Release|Any CPU
		{B417550F-D182-4903-B540-8311A3906EBB}.Debug|Any CPU.ActiveCfg = Debug|Any CPU
		{B417550F-D182-4903-B540-8311A3906EBB}.Debug|Any CPU.Build.0 = Debug|Any CPU
		{B417550F-D182-4903-B540-8311A3906EBB}.Debug|x64.ActiveCfg = Debug|Any CPU
		{B417550F-D182-4903-B540-8311A3906EBB}.Debug|x64.Build.0 = Debug|Any CPU
		{B417550F-D182-4903-B540-8311A3906EBB}.Debug|x86.ActiveCfg = Debug|Any CPU
		{B417550F-D182-4903-B540-8311A3906EBB}.Debug|x86.Build.0 = Debug|Any CPU
		{B417550F-D182-4903-B540-8311A3906EBB}.Release|Any CPU.ActiveCfg = Release|Any CPU
		{B417550F-D182-4903-B540-8311A3906EBB}.Release|Any CPU.Build.0 = Release|Any CPU
		{B417550F-D182-4903-B540-8311A3906EBB}.Release|x64.ActiveCfg = Release|Any CPU
		{B417550F-D182-4903-B540-8311A3906EBB}.Release|x64.Build.0 = Release|Any CPU
		{B417550F-D182-4903-B540-8311A3906EBB}.Release|x86.ActiveCfg = Release|Any CPU
		{B417550F-D182-4903-B540-8311A3906EBB}.Release|x86.Build.0 = Release|Any CPU
		{5466FF04-C030-4943-9296-C5BC50239146}.Debug|Any CPU.ActiveCfg = Debug|Any CPU
		{5466FF04-C030-4943-9296-C5BC50239146}.Debug|Any CPU.Build.0 = Debug|Any CPU
		{5466FF04-C030-4943-9296-C5BC50239146}.Debug|x64.ActiveCfg = Debug|Any CPU
		{5466FF04-C030-4943-9296-C5BC50239146}.Debug|x64.Build.0 = Debug|Any CPU
		{5466FF04-C030-4943-9296-C5BC50239146}.Debug|x86.ActiveCfg = Debug|Any CPU
		{5466FF04-C030-4943-9296-C5BC50239146}.Debug|x86.Build.0 = Debug|Any CPU
		{5466FF04-C030-4943-9296-C5BC50239146}.Release|Any CPU.ActiveCfg = Release|Any CPU
		{5466FF04-C030-4943-9296-C5BC50239146}.Release|Any CPU.Build.0 = Release|Any CPU
		{5466FF04-C030-4943-9296-C5BC50239146}.Release|x64.ActiveCfg = Release|Any CPU
		{5466FF04-C030-4943-9296-C5BC50239146}.Release|x64.Build.0 = Release|Any CPU
		{5466FF04-C030-4943-9296-C5BC50239146}.Release|x86.ActiveCfg = Release|Any CPU
		{5466FF04-C030-4943-9296-C5BC50239146}.Release|x86.Build.0 = Release|Any CPU
		{2F845355-75A2-48FD-8AC5-0A02C354B498}.Debug|Any CPU.ActiveCfg = Debug|Any CPU
		{2F845355-75A2-48FD-8AC5-0A02C354B498}.Debug|Any CPU.Build.0 = Debug|Any CPU
		{2F845355-75A2-48FD-8AC5-0A02C354B498}.Debug|x64.ActiveCfg = Debug|Any CPU
		{2F845355-75A2-48FD-8AC5-0A02C354B498}.Debug|x64.Build.0 = Debug|Any CPU
		{2F845355-75A2-48FD-8AC5-0A02C354B498}.Debug|x86.ActiveCfg = Debug|Any CPU
		{2F845355-75A2-48FD-8AC5-0A02C354B498}.Debug|x86.Build.0 = Debug|Any CPU
		{2F845355-75A2-48FD-8AC5-0A02C354B498}.Release|Any CPU.ActiveCfg = Release|Any CPU
		{2F845355-75A2-48FD-8AC5-0A02C354B498}.Release|Any CPU.Build.0 = Release|Any CPU
		{2F845355-75A2-48FD-8AC5-0A02C354B498}.Release|x64.ActiveCfg = Release|Any CPU
		{2F845355-75A2-48FD-8AC5-0A02C354B498}.Release|x64.Build.0 = Release|Any CPU
		{2F845355-75A2-48FD-8AC5-0A02C354B498}.Release|x86.ActiveCfg = Release|Any CPU
		{2F845355-75A2-48FD-8AC5-0A02C354B498}.Release|x86.Build.0 = Release|Any CPU
		{EEF5FF8B-341F-4F2E-9B49-2A2AD1CCF3E9}.Debug|Any CPU.ActiveCfg = Debug|Any CPU
		{EEF5FF8B-341F-4F2E-9B49-2A2AD1CCF3E9}.Debug|Any CPU.Build.0 = Debug|Any CPU
		{EEF5FF8B-341F-4F2E-9B49-2A2AD1CCF3E9}.Debug|x64.ActiveCfg = Debug|Any CPU
		{EEF5FF8B-341F-4F2E-9B49-2A2AD1CCF3E9}.Debug|x64.Build.0 = Debug|Any CPU
		{EEF5FF8B-341F-4F2E-9B49-2A2AD1CCF3E9}.Debug|x86.ActiveCfg = Debug|Any CPU
		{EEF5FF8B-341F-4F2E-9B49-2A2AD1CCF3E9}.Debug|x86.Build.0 = Debug|Any CPU
		{EEF5FF8B-341F-4F2E-9B49-2A2AD1CCF3E9}.Release|Any CPU.ActiveCfg = Release|Any CPU
		{EEF5FF8B-341F-4F2E-9B49-2A2AD1CCF3E9}.Release|Any CPU.Build.0 = Release|Any CPU
		{EEF5FF8B-341F-4F2E-9B49-2A2AD1CCF3E9}.Release|x64.ActiveCfg = Release|Any CPU
		{EEF5FF8B-341F-4F2E-9B49-2A2AD1CCF3E9}.Release|x64.Build.0 = Release|Any CPU
		{EEF5FF8B-341F-4F2E-9B49-2A2AD1CCF3E9}.Release|x86.ActiveCfg = Release|Any CPU
		{EEF5FF8B-341F-4F2E-9B49-2A2AD1CCF3E9}.Release|x86.Build.0 = Release|Any CPU
		{001BDEB6-2889-4200-98A8-8EA67B5AB23E}.Debug|Any CPU.ActiveCfg = Debug|Any CPU
		{001BDEB6-2889-4200-98A8-8EA67B5AB23E}.Debug|Any CPU.Build.0 = Debug|Any CPU
		{001BDEB6-2889-4200-98A8-8EA67B5AB23E}.Debug|x64.ActiveCfg = Debug|Any CPU
		{001BDEB6-2889-4200-98A8-8EA67B5AB23E}.Debug|x64.Build.0 = Debug|Any CPU
		{001BDEB6-2889-4200-98A8-8EA67B5AB23E}.Debug|x86.ActiveCfg = Debug|Any CPU
		{001BDEB6-2889-4200-98A8-8EA67B5AB23E}.Debug|x86.Build.0 = Debug|Any CPU
		{001BDEB6-2889-4200-98A8-8EA67B5AB23E}.Release|Any CPU.ActiveCfg = Release|Any CPU
		{001BDEB6-2889-4200-98A8-8EA67B5AB23E}.Release|Any CPU.Build.0 = Release|Any CPU
		{001BDEB6-2889-4200-98A8-8EA67B5AB23E}.Release|x64.ActiveCfg = Release|Any CPU
		{001BDEB6-2889-4200-98A8-8EA67B5AB23E}.Release|x64.Build.0 = Release|Any CPU
		{001BDEB6-2889-4200-98A8-8EA67B5AB23E}.Release|x86.ActiveCfg = Release|Any CPU
		{001BDEB6-2889-4200-98A8-8EA67B5AB23E}.Release|x86.Build.0 = Release|Any CPU
		{D7D809C4-304A-458D-9493-CB2D96055C18}.Debug|Any CPU.ActiveCfg = Debug|Any CPU
		{D7D809C4-304A-458D-9493-CB2D96055C18}.Debug|Any CPU.Build.0 = Debug|Any CPU
		{D7D809C4-304A-458D-9493-CB2D96055C18}.Debug|x64.ActiveCfg = Debug|Any CPU
		{D7D809C4-304A-458D-9493-CB2D96055C18}.Debug|x64.Build.0 = Debug|Any CPU
		{D7D809C4-304A-458D-9493-CB2D96055C18}.Debug|x86.ActiveCfg = Debug|Any CPU
		{D7D809C4-304A-458D-9493-CB2D96055C18}.Debug|x86.Build.0 = Debug|Any CPU
		{D7D809C4-304A-458D-9493-CB2D96055C18}.Release|Any CPU.ActiveCfg = Release|Any CPU
		{D7D809C4-304A-458D-9493-CB2D96055C18}.Release|Any CPU.Build.0 = Release|Any CPU
		{D7D809C4-304A-458D-9493-CB2D96055C18}.Release|x64.ActiveCfg = Release|Any CPU
		{D7D809C4-304A-458D-9493-CB2D96055C18}.Release|x64.Build.0 = Release|Any CPU
		{D7D809C4-304A-458D-9493-CB2D96055C18}.Release|x86.ActiveCfg = Release|Any CPU
		{D7D809C4-304A-458D-9493-CB2D96055C18}.Release|x86.Build.0 = Release|Any CPU
		{EC3642D0-A221-4B3C-AD83-C50EF7EEE7BF}.Debug|Any CPU.ActiveCfg = Debug|Any CPU
		{EC3642D0-A221-4B3C-AD83-C50EF7EEE7BF}.Debug|Any CPU.Build.0 = Debug|Any CPU
		{EC3642D0-A221-4B3C-AD83-C50EF7EEE7BF}.Debug|x64.ActiveCfg = Debug|Any CPU
		{EC3642D0-A221-4B3C-AD83-C50EF7EEE7BF}.Debug|x64.Build.0 = Debug|Any CPU
		{EC3642D0-A221-4B3C-AD83-C50EF7EEE7BF}.Debug|x86.ActiveCfg = Debug|Any CPU
		{EC3642D0-A221-4B3C-AD83-C50EF7EEE7BF}.Debug|x86.Build.0 = Debug|Any CPU
		{EC3642D0-A221-4B3C-AD83-C50EF7EEE7BF}.Release|Any CPU.ActiveCfg = Release|Any CPU
		{EC3642D0-A221-4B3C-AD83-C50EF7EEE7BF}.Release|Any CPU.Build.0 = Release|Any CPU
		{EC3642D0-A221-4B3C-AD83-C50EF7EEE7BF}.Release|x64.ActiveCfg = Release|Any CPU
		{EC3642D0-A221-4B3C-AD83-C50EF7EEE7BF}.Release|x64.Build.0 = Release|Any CPU
		{EC3642D0-A221-4B3C-AD83-C50EF7EEE7BF}.Release|x86.ActiveCfg = Release|Any CPU
		{EC3642D0-A221-4B3C-AD83-C50EF7EEE7BF}.Release|x86.Build.0 = Release|Any CPU
		{70B01407-5D4F-4BB6-B7C5-C2327A180FB2}.Debug|Any CPU.ActiveCfg = Debug|Any CPU
		{70B01407-5D4F-4BB6-B7C5-C2327A180FB2}.Debug|Any CPU.Build.0 = Debug|Any CPU
		{70B01407-5D4F-4BB6-B7C5-C2327A180FB2}.Debug|x64.ActiveCfg = Debug|Any CPU
		{70B01407-5D4F-4BB6-B7C5-C2327A180FB2}.Debug|x64.Build.0 = Debug|Any CPU
		{70B01407-5D4F-4BB6-B7C5-C2327A180FB2}.Debug|x86.ActiveCfg = Debug|Any CPU
		{70B01407-5D4F-4BB6-B7C5-C2327A180FB2}.Debug|x86.Build.0 = Debug|Any CPU
		{70B01407-5D4F-4BB6-B7C5-C2327A180FB2}.Release|Any CPU.ActiveCfg = Release|Any CPU
		{70B01407-5D4F-4BB6-B7C5-C2327A180FB2}.Release|Any CPU.Build.0 = Release|Any CPU
		{70B01407-5D4F-4BB6-B7C5-C2327A180FB2}.Release|x64.ActiveCfg = Release|Any CPU
		{70B01407-5D4F-4BB6-B7C5-C2327A180FB2}.Release|x64.Build.0 = Release|Any CPU
		{70B01407-5D4F-4BB6-B7C5-C2327A180FB2}.Release|x86.ActiveCfg = Release|Any CPU
		{70B01407-5D4F-4BB6-B7C5-C2327A180FB2}.Release|x86.Build.0 = Release|Any CPU
		{D2A8C5B3-9414-4D9A-B661-8FF375B39152}.Debug|Any CPU.ActiveCfg = Debug|Any CPU
		{D2A8C5B3-9414-4D9A-B661-8FF375B39152}.Debug|Any CPU.Build.0 = Debug|Any CPU
		{D2A8C5B3-9414-4D9A-B661-8FF375B39152}.Debug|x64.ActiveCfg = Debug|Any CPU
		{D2A8C5B3-9414-4D9A-B661-8FF375B39152}.Debug|x64.Build.0 = Debug|Any CPU
		{D2A8C5B3-9414-4D9A-B661-8FF375B39152}.Debug|x86.ActiveCfg = Debug|Any CPU
		{D2A8C5B3-9414-4D9A-B661-8FF375B39152}.Debug|x86.Build.0 = Debug|Any CPU
		{D2A8C5B3-9414-4D9A-B661-8FF375B39152}.Release|Any CPU.ActiveCfg = Release|Any CPU
		{D2A8C5B3-9414-4D9A-B661-8FF375B39152}.Release|Any CPU.Build.0 = Release|Any CPU
		{D2A8C5B3-9414-4D9A-B661-8FF375B39152}.Release|x64.ActiveCfg = Release|Any CPU
		{D2A8C5B3-9414-4D9A-B661-8FF375B39152}.Release|x64.Build.0 = Release|Any CPU
		{D2A8C5B3-9414-4D9A-B661-8FF375B39152}.Release|x86.ActiveCfg = Release|Any CPU
		{D2A8C5B3-9414-4D9A-B661-8FF375B39152}.Release|x86.Build.0 = Release|Any CPU
		{49AE607F-D1CD-4172-8375-F8A3D0F6A6CF}.Debug|Any CPU.ActiveCfg = Debug|Any CPU
		{49AE607F-D1CD-4172-8375-F8A3D0F6A6CF}.Debug|Any CPU.Build.0 = Debug|Any CPU
		{49AE607F-D1CD-4172-8375-F8A3D0F6A6CF}.Debug|x64.ActiveCfg = Debug|Any CPU
		{49AE607F-D1CD-4172-8375-F8A3D0F6A6CF}.Debug|x64.Build.0 = Debug|Any CPU
		{49AE607F-D1CD-4172-8375-F8A3D0F6A6CF}.Debug|x86.ActiveCfg = Debug|Any CPU
		{49AE607F-D1CD-4172-8375-F8A3D0F6A6CF}.Debug|x86.Build.0 = Debug|Any CPU
		{49AE607F-D1CD-4172-8375-F8A3D0F6A6CF}.Release|Any CPU.ActiveCfg = Release|Any CPU
		{49AE607F-D1CD-4172-8375-F8A3D0F6A6CF}.Release|Any CPU.Build.0 = Release|Any CPU
		{49AE607F-D1CD-4172-8375-F8A3D0F6A6CF}.Release|x64.ActiveCfg = Release|Any CPU
		{49AE607F-D1CD-4172-8375-F8A3D0F6A6CF}.Release|x64.Build.0 = Release|Any CPU
		{49AE607F-D1CD-4172-8375-F8A3D0F6A6CF}.Release|x86.ActiveCfg = Release|Any CPU
		{49AE607F-D1CD-4172-8375-F8A3D0F6A6CF}.Release|x86.Build.0 = Release|Any CPU
		{5AE32E90-76F6-4BF8-8595-549D8F439E8B}.Debug|Any CPU.ActiveCfg = Debug|Any CPU
		{5AE32E90-76F6-4BF8-8595-549D8F439E8B}.Debug|Any CPU.Build.0 = Debug|Any CPU
		{5AE32E90-76F6-4BF8-8595-549D8F439E8B}.Debug|x64.ActiveCfg = Debug|Any CPU
		{5AE32E90-76F6-4BF8-8595-549D8F439E8B}.Debug|x64.Build.0 = Debug|Any CPU
		{5AE32E90-76F6-4BF8-8595-549D8F439E8B}.Debug|x86.ActiveCfg = Debug|Any CPU
		{5AE32E90-76F6-4BF8-8595-549D8F439E8B}.Debug|x86.Build.0 = Debug|Any CPU
		{5AE32E90-76F6-4BF8-8595-549D8F439E8B}.Release|Any CPU.ActiveCfg = Release|Any CPU
		{5AE32E90-76F6-4BF8-8595-549D8F439E8B}.Release|Any CPU.Build.0 = Release|Any CPU
		{5AE32E90-76F6-4BF8-8595-549D8F439E8B}.Release|x64.ActiveCfg = Release|Any CPU
		{5AE32E90-76F6-4BF8-8595-549D8F439E8B}.Release|x64.Build.0 = Release|Any CPU
		{5AE32E90-76F6-4BF8-8595-549D8F439E8B}.Release|x86.ActiveCfg = Release|Any CPU
		{5AE32E90-76F6-4BF8-8595-549D8F439E8B}.Release|x86.Build.0 = Release|Any CPU
		{1BA2CC6A-C344-4DBD-85C8-50BC5B9ED3DC}.Debug|Any CPU.ActiveCfg = Debug|Any CPU
		{1BA2CC6A-C344-4DBD-85C8-50BC5B9ED3DC}.Debug|Any CPU.Build.0 = Debug|Any CPU
		{1BA2CC6A-C344-4DBD-85C8-50BC5B9ED3DC}.Debug|x64.ActiveCfg = Debug|Any CPU
		{1BA2CC6A-C344-4DBD-85C8-50BC5B9ED3DC}.Debug|x64.Build.0 = Debug|Any CPU
		{1BA2CC6A-C344-4DBD-85C8-50BC5B9ED3DC}.Debug|x86.ActiveCfg = Debug|Any CPU
		{1BA2CC6A-C344-4DBD-85C8-50BC5B9ED3DC}.Debug|x86.Build.0 = Debug|Any CPU
		{1BA2CC6A-C344-4DBD-85C8-50BC5B9ED3DC}.Release|Any CPU.ActiveCfg = Release|Any CPU
		{1BA2CC6A-C344-4DBD-85C8-50BC5B9ED3DC}.Release|Any CPU.Build.0 = Release|Any CPU
		{1BA2CC6A-C344-4DBD-85C8-50BC5B9ED3DC}.Release|x64.ActiveCfg = Release|Any CPU
		{1BA2CC6A-C344-4DBD-85C8-50BC5B9ED3DC}.Release|x64.Build.0 = Release|Any CPU
		{1BA2CC6A-C344-4DBD-85C8-50BC5B9ED3DC}.Release|x86.ActiveCfg = Release|Any CPU
		{1BA2CC6A-C344-4DBD-85C8-50BC5B9ED3DC}.Release|x86.Build.0 = Release|Any CPU
		{74443452-AF43-4295-BDBA-22177BF2D20F}.Debug|Any CPU.ActiveCfg = Debug|Any CPU
		{74443452-AF43-4295-BDBA-22177BF2D20F}.Debug|Any CPU.Build.0 = Debug|Any CPU
		{74443452-AF43-4295-BDBA-22177BF2D20F}.Debug|x64.ActiveCfg = Debug|Any CPU
		{74443452-AF43-4295-BDBA-22177BF2D20F}.Debug|x64.Build.0 = Debug|Any CPU
		{74443452-AF43-4295-BDBA-22177BF2D20F}.Debug|x86.ActiveCfg = Debug|Any CPU
		{74443452-AF43-4295-BDBA-22177BF2D20F}.Debug|x86.Build.0 = Debug|Any CPU
		{74443452-AF43-4295-BDBA-22177BF2D20F}.Release|Any CPU.ActiveCfg = Release|Any CPU
		{74443452-AF43-4295-BDBA-22177BF2D20F}.Release|Any CPU.Build.0 = Release|Any CPU
		{74443452-AF43-4295-BDBA-22177BF2D20F}.Release|x64.ActiveCfg = Release|Any CPU
		{74443452-AF43-4295-BDBA-22177BF2D20F}.Release|x64.Build.0 = Release|Any CPU
		{74443452-AF43-4295-BDBA-22177BF2D20F}.Release|x86.ActiveCfg = Release|Any CPU
		{74443452-AF43-4295-BDBA-22177BF2D20F}.Release|x86.Build.0 = Release|Any CPU
		{1E670C9D-4E64-4919-B26B-35C59348FC1F}.Debug|Any CPU.ActiveCfg = Debug|Any CPU
		{1E670C9D-4E64-4919-B26B-35C59348FC1F}.Debug|Any CPU.Build.0 = Debug|Any CPU
		{1E670C9D-4E64-4919-B26B-35C59348FC1F}.Debug|x64.ActiveCfg = Debug|Any CPU
		{1E670C9D-4E64-4919-B26B-35C59348FC1F}.Debug|x64.Build.0 = Debug|Any CPU
		{1E670C9D-4E64-4919-B26B-35C59348FC1F}.Debug|x86.ActiveCfg = Debug|Any CPU
		{1E670C9D-4E64-4919-B26B-35C59348FC1F}.Debug|x86.Build.0 = Debug|Any CPU
		{1E670C9D-4E64-4919-B26B-35C59348FC1F}.Release|Any CPU.ActiveCfg = Release|Any CPU
		{1E670C9D-4E64-4919-B26B-35C59348FC1F}.Release|Any CPU.Build.0 = Release|Any CPU
		{1E670C9D-4E64-4919-B26B-35C59348FC1F}.Release|x64.ActiveCfg = Release|Any CPU
		{1E670C9D-4E64-4919-B26B-35C59348FC1F}.Release|x64.Build.0 = Release|Any CPU
		{1E670C9D-4E64-4919-B26B-35C59348FC1F}.Release|x86.ActiveCfg = Release|Any CPU
		{1E670C9D-4E64-4919-B26B-35C59348FC1F}.Release|x86.Build.0 = Release|Any CPU
		{C65CD0FE-0049-4270-885A-D50383AB4CCA}.Debug|Any CPU.ActiveCfg = Debug|Any CPU
		{C65CD0FE-0049-4270-885A-D50383AB4CCA}.Debug|Any CPU.Build.0 = Debug|Any CPU
		{C65CD0FE-0049-4270-885A-D50383AB4CCA}.Debug|x64.ActiveCfg = Debug|Any CPU
		{C65CD0FE-0049-4270-885A-D50383AB4CCA}.Debug|x64.Build.0 = Debug|Any CPU
		{C65CD0FE-0049-4270-885A-D50383AB4CCA}.Debug|x86.ActiveCfg = Debug|Any CPU
		{C65CD0FE-0049-4270-885A-D50383AB4CCA}.Debug|x86.Build.0 = Debug|Any CPU
		{C65CD0FE-0049-4270-885A-D50383AB4CCA}.Release|Any CPU.ActiveCfg = Release|Any CPU
		{C65CD0FE-0049-4270-885A-D50383AB4CCA}.Release|Any CPU.Build.0 = Release|Any CPU
		{C65CD0FE-0049-4270-885A-D50383AB4CCA}.Release|x64.ActiveCfg = Release|Any CPU
		{C65CD0FE-0049-4270-885A-D50383AB4CCA}.Release|x64.Build.0 = Release|Any CPU
		{C65CD0FE-0049-4270-885A-D50383AB4CCA}.Release|x86.ActiveCfg = Release|Any CPU
		{C65CD0FE-0049-4270-885A-D50383AB4CCA}.Release|x86.Build.0 = Release|Any CPU
		{86752E04-961C-48A5-8C17-F6E2065D35C3}.Debug|Any CPU.ActiveCfg = Debug|Any CPU
		{86752E04-961C-48A5-8C17-F6E2065D35C3}.Debug|Any CPU.Build.0 = Debug|Any CPU
		{86752E04-961C-48A5-8C17-F6E2065D35C3}.Debug|x64.ActiveCfg = Debug|Any CPU
		{86752E04-961C-48A5-8C17-F6E2065D35C3}.Debug|x64.Build.0 = Debug|Any CPU
		{86752E04-961C-48A5-8C17-F6E2065D35C3}.Debug|x86.ActiveCfg = Debug|Any CPU
		{86752E04-961C-48A5-8C17-F6E2065D35C3}.Debug|x86.Build.0 = Debug|Any CPU
		{86752E04-961C-48A5-8C17-F6E2065D35C3}.Release|Any CPU.ActiveCfg = Release|Any CPU
		{86752E04-961C-48A5-8C17-F6E2065D35C3}.Release|Any CPU.Build.0 = Release|Any CPU
		{86752E04-961C-48A5-8C17-F6E2065D35C3}.Release|x64.ActiveCfg = Release|Any CPU
		{86752E04-961C-48A5-8C17-F6E2065D35C3}.Release|x64.Build.0 = Release|Any CPU
		{86752E04-961C-48A5-8C17-F6E2065D35C3}.Release|x86.ActiveCfg = Release|Any CPU
		{86752E04-961C-48A5-8C17-F6E2065D35C3}.Release|x86.Build.0 = Release|Any CPU
		{B651CE24-7719-47AB-9B39-F4FBCD13AFA4}.Debug|Any CPU.ActiveCfg = Debug|Any CPU
		{B651CE24-7719-47AB-9B39-F4FBCD13AFA4}.Debug|Any CPU.Build.0 = Debug|Any CPU
		{B651CE24-7719-47AB-9B39-F4FBCD13AFA4}.Debug|x64.ActiveCfg = Debug|Any CPU
		{B651CE24-7719-47AB-9B39-F4FBCD13AFA4}.Debug|x64.Build.0 = Debug|Any CPU
		{B651CE24-7719-47AB-9B39-F4FBCD13AFA4}.Debug|x86.ActiveCfg = Debug|Any CPU
		{B651CE24-7719-47AB-9B39-F4FBCD13AFA4}.Debug|x86.Build.0 = Debug|Any CPU
		{B651CE24-7719-47AB-9B39-F4FBCD13AFA4}.Release|Any CPU.ActiveCfg = Release|Any CPU
		{B651CE24-7719-47AB-9B39-F4FBCD13AFA4}.Release|Any CPU.Build.0 = Release|Any CPU
		{B651CE24-7719-47AB-9B39-F4FBCD13AFA4}.Release|x64.ActiveCfg = Release|Any CPU
		{B651CE24-7719-47AB-9B39-F4FBCD13AFA4}.Release|x64.Build.0 = Release|Any CPU
		{B651CE24-7719-47AB-9B39-F4FBCD13AFA4}.Release|x86.ActiveCfg = Release|Any CPU
		{B651CE24-7719-47AB-9B39-F4FBCD13AFA4}.Release|x86.Build.0 = Release|Any CPU
		{948852A6-CBA8-4163-931E-E8B1A6C08E48}.Debug|Any CPU.ActiveCfg = Debug|Any CPU
		{948852A6-CBA8-4163-931E-E8B1A6C08E48}.Debug|Any CPU.Build.0 = Debug|Any CPU
		{948852A6-CBA8-4163-931E-E8B1A6C08E48}.Debug|x64.ActiveCfg = Debug|Any CPU
		{948852A6-CBA8-4163-931E-E8B1A6C08E48}.Debug|x64.Build.0 = Debug|Any CPU
		{948852A6-CBA8-4163-931E-E8B1A6C08E48}.Debug|x86.ActiveCfg = Debug|Any CPU
		{948852A6-CBA8-4163-931E-E8B1A6C08E48}.Debug|x86.Build.0 = Debug|Any CPU
		{948852A6-CBA8-4163-931E-E8B1A6C08E48}.Release|Any CPU.ActiveCfg = Release|Any CPU
		{948852A6-CBA8-4163-931E-E8B1A6C08E48}.Release|Any CPU.Build.0 = Release|Any CPU
		{948852A6-CBA8-4163-931E-E8B1A6C08E48}.Release|x64.ActiveCfg = Release|Any CPU
		{948852A6-CBA8-4163-931E-E8B1A6C08E48}.Release|x64.Build.0 = Release|Any CPU
		{948852A6-CBA8-4163-931E-E8B1A6C08E48}.Release|x86.ActiveCfg = Release|Any CPU
		{948852A6-CBA8-4163-931E-E8B1A6C08E48}.Release|x86.Build.0 = Release|Any CPU
		{335E152C-33DE-4E58-AFB9-89DF5C887290}.Debug|Any CPU.ActiveCfg = Debug|Any CPU
		{335E152C-33DE-4E58-AFB9-89DF5C887290}.Debug|Any CPU.Build.0 = Debug|Any CPU
		{335E152C-33DE-4E58-AFB9-89DF5C887290}.Debug|x64.ActiveCfg = Debug|Any CPU
		{335E152C-33DE-4E58-AFB9-89DF5C887290}.Debug|x64.Build.0 = Debug|Any CPU
		{335E152C-33DE-4E58-AFB9-89DF5C887290}.Debug|x86.ActiveCfg = Debug|Any CPU
		{335E152C-33DE-4E58-AFB9-89DF5C887290}.Debug|x86.Build.0 = Debug|Any CPU
		{335E152C-33DE-4E58-AFB9-89DF5C887290}.Release|Any CPU.ActiveCfg = Release|Any CPU
		{335E152C-33DE-4E58-AFB9-89DF5C887290}.Release|Any CPU.Build.0 = Release|Any CPU
		{335E152C-33DE-4E58-AFB9-89DF5C887290}.Release|x64.ActiveCfg = Release|Any CPU
		{335E152C-33DE-4E58-AFB9-89DF5C887290}.Release|x64.Build.0 = Release|Any CPU
		{335E152C-33DE-4E58-AFB9-89DF5C887290}.Release|x86.ActiveCfg = Release|Any CPU
		{335E152C-33DE-4E58-AFB9-89DF5C887290}.Release|x86.Build.0 = Release|Any CPU
		{F4C32BF4-D7E3-4FAD-BF0C-4281B363A6F7}.Debug|Any CPU.ActiveCfg = Debug|Any CPU
		{F4C32BF4-D7E3-4FAD-BF0C-4281B363A6F7}.Debug|Any CPU.Build.0 = Debug|Any CPU
		{F4C32BF4-D7E3-4FAD-BF0C-4281B363A6F7}.Debug|x64.ActiveCfg = Debug|Any CPU
		{F4C32BF4-D7E3-4FAD-BF0C-4281B363A6F7}.Debug|x64.Build.0 = Debug|Any CPU
		{F4C32BF4-D7E3-4FAD-BF0C-4281B363A6F7}.Debug|x86.ActiveCfg = Debug|Any CPU
		{F4C32BF4-D7E3-4FAD-BF0C-4281B363A6F7}.Debug|x86.Build.0 = Debug|Any CPU
		{F4C32BF4-D7E3-4FAD-BF0C-4281B363A6F7}.Release|Any CPU.ActiveCfg = Release|Any CPU
		{F4C32BF4-D7E3-4FAD-BF0C-4281B363A6F7}.Release|Any CPU.Build.0 = Release|Any CPU
		{F4C32BF4-D7E3-4FAD-BF0C-4281B363A6F7}.Release|x64.ActiveCfg = Release|Any CPU
		{F4C32BF4-D7E3-4FAD-BF0C-4281B363A6F7}.Release|x64.Build.0 = Release|Any CPU
		{F4C32BF4-D7E3-4FAD-BF0C-4281B363A6F7}.Release|x86.ActiveCfg = Release|Any CPU
		{F4C32BF4-D7E3-4FAD-BF0C-4281B363A6F7}.Release|x86.Build.0 = Release|Any CPU
	EndGlobalSection
	GlobalSection(SolutionProperties) = preSolution
		HideSolutionNode = FALSE
	EndGlobalSection
	GlobalSection(NestedProjects) = preSolution
		{23456789-2345-2345-2345-23456789ABCD} = {12345678-1234-1234-1234-123456789012}
		{01E8AB42-5ABD-E289-28CE-AA0EDB659452} = {FA674B5A-3394-926C-2B1E-70E5B00E4A5C}
		{C93E5756-DE7E-47A5-AA0D-5F8110795016} = {01E8AB42-5ABD-E289-28CE-AA0EDB659452}
		{1B0ADE3F-1E96-2C17-1CC2-83D427727F00} = {29660470-A876-4FC6-73A3-DB10C6BF2E6F}
		{4FB71D5A-21FC-438F-9377-AFD0FDDBE24B} = {1B0ADE3F-1E96-2C17-1CC2-83D427727F00}
		{F478710B-A13E-193E-8378-5687AF7CA53A} = {29660470-A876-4FC6-73A3-DB10C6BF2E6F}
		{D6A43F8A-DA70-48FE-AF1A-8B0DC24CEB9A} = {F478710B-A13E-193E-8378-5687AF7CA53A}
		{0E9A6662-99D9-7CED-9C17-92E2A5CA3BDB} = {6AA2361A-6515-DC5C-4057-15DAC2F3B053}
		{235ACB97-8670-4209-8968-59F2E4CE895C} = {0E9A6662-99D9-7CED-9C17-92E2A5CA3BDB}
		{9792D0A1-AAF2-CA92-9D04-BA59B1DC275D} = {6AA2361A-6515-DC5C-4057-15DAC2F3B053}
		{52F5A15D-1CD4-4B55-9A74-CF9B87B55138} = {9792D0A1-AAF2-CA92-9D04-BA59B1DC275D}
		{B72E2F67-263C-F3F3-78AC-13C3D64E242F} = {96057BA4-C883-252C-EB7C-26DCE4B5B25F}
		{8DE22365-9F83-4CF7-8E2A-F4E540337F4B} = {B72E2F67-263C-F3F3-78AC-13C3D64E242F}
		{5EA27454-7380-63D9-3973-810B99B39E2E} = {96057BA4-C883-252C-EB7C-26DCE4B5B25F}
		{495B1ED9-7DA2-4526-B3D9-07B9F90DFC08} = {5EA27454-7380-63D9-3973-810B99B39E2E}
		{052E2ECF-9146-DC23-DE0A-B0CD5538AA39} = {BC32782B-3DC9-3934-259F-F436AC525407}
		{E3633F2F-5F86-4791-A9F9-AAA1A1CECF83} = {052E2ECF-9146-DC23-DE0A-B0CD5538AA39}
		{F34127F3-70CF-6B6A-37C9-12468CD695BC} = {BC32782B-3DC9-3934-259F-F436AC525407}
		{856724B4-1C66-42B8-9CB4-34A6CDF7504E} = {F34127F3-70CF-6B6A-37C9-12468CD695BC}
		{668B5235-C943-1CD9-7173-46D6CD774085} = {99182B5F-6018-9719-2446-2A2AE446DCA6}
		{26C193F4-ABB7-4769-90A2-1527223E2A4B} = {668B5235-C943-1CD9-7173-46D6CD774085}
		{752C5964-CE9E-6EFE-52AA-1111D3E2B59D} = {99182B5F-6018-9719-2446-2A2AE446DCA6}
		{D851FFAA-3733-45F3-A67F-C995F2F18E6B} = {752C5964-CE9E-6EFE-52AA-1111D3E2B59D}
		{DCE00436-58A0-AFBF-B2D6-722EF8245ECD} = {A8173BD2-A951-70AA-9D22-2A5D9E99F29F}
		{B417550F-D182-4903-B540-8311A3906EBB} = {DCE00436-58A0-AFBF-B2D6-722EF8245ECD}
		{D966E896-5B2F-AA0C-FC56-DEE5CF9B6E97} = {A8173BD2-A951-70AA-9D22-2A5D9E99F29F}
		{5466FF04-C030-4943-9296-C5BC50239146} = {D966E896-5B2F-AA0C-FC56-DEE5CF9B6E97}
		{F3E23750-12C7-1695-7D41-3FBB8C38F7C9} = {A8173BD2-A951-70AA-9D22-2A5D9E99F29F}
		{2F845355-75A2-48FD-8AC5-0A02C354B498} = {F3E23750-12C7-1695-7D41-3FBB8C38F7C9}
		{BA2F7468-BA00-469B-E861-FE406587C9E9} = {C3CA4413-DFB8-2631-51F4-46394FAD4AC1}
		{EEF5FF8B-341F-4F2E-9B49-2A2AD1CCF3E9} = {BA2F7468-BA00-469B-E861-FE406587C9E9}
		{F2DCF30E-B187-B208-CCEA-C26FA7B5A2E2} = {C3CA4413-DFB8-2631-51F4-46394FAD4AC1}
		{001BDEB6-2889-4200-98A8-8EA67B5AB23E} = {F2DCF30E-B187-B208-CCEA-C26FA7B5A2E2}
		{92F3483D-0A8B-05B3-1E22-33F8322F0CA5} = {3A8DF596-E814-FECC-DD4B-D8EF8AAC1A0D}
		{D7D809C4-304A-458D-9493-CB2D96055C18} = {92F3483D-0A8B-05B3-1E22-33F8322F0CA5}
		{7FC56B99-861D-49E5-428D-4582CD8DD1D5} = {3A8DF596-E814-FECC-DD4B-D8EF8AAC1A0D}
		{EC3642D0-A221-4B3C-AD83-C50EF7EEE7BF} = {7FC56B99-861D-49E5-428D-4582CD8DD1D5}
		{07F5AA3B-29D3-4E1E-BF8D-AEFDFBAD1409} = {3A8DF596-E814-FECC-DD4B-D8EF8AAC1A0D}
		{70B01407-5D4F-4BB6-B7C5-C2327A180FB2} = {07F5AA3B-29D3-4E1E-BF8D-AEFDFBAD1409}
		{8BFEA644-3627-CE07-6443-D9DD1F95A82F} = {36763789-9611-A6A3-24EE-65C881927263}
		{D2A8C5B3-9414-4D9A-B661-8FF375B39152} = {8BFEA644-3627-CE07-6443-D9DD1F95A82F}
		{904FCCB8-8B6B-E2C8-B419-0076B3AA77DB} = {36763789-9611-A6A3-24EE-65C881927263}
		{49AE607F-D1CD-4172-8375-F8A3D0F6A6CF} = {904FCCB8-8B6B-E2C8-B419-0076B3AA77DB}
		{5F91F92D-A507-0C76-FCD8-00031E119CE9} = {36763789-9611-A6A3-24EE-65C881927263}
		{5AE32E90-76F6-4BF8-8595-549D8F439E8B} = {5F91F92D-A507-0C76-FCD8-00031E119CE9}
		{B6B528EE-D85A-2C70-4A24-7AB313657DB9} = {07D97907-A4FB-2718-30A9-6954E84DBCDB}
		{74443452-AF43-4295-BDBA-22177BF2D20F} = {B6B528EE-D85A-2C70-4A24-7AB313657DB9}
		{D4418108-81E5-E722-4653-151A2336E390} = {07D97907-A4FB-2718-30A9-6954E84DBCDB}
		{1E670C9D-4E64-4919-B26B-35C59348FC1F} = {D4418108-81E5-E722-4653-151A2336E390}
		{AD4A5224-435E-E2D3-D4FC-0CCF36E01D35} = {C30EA34C-96E3-EEAB-A84E-085AED71DD06}
		{C65CD0FE-0049-4270-885A-D50383AB4CCA} = {AD4A5224-435E-E2D3-D4FC-0CCF36E01D35}
		{9E7D0406-0D25-503C-DFAB-2ADB2791A418} = {C30EA34C-96E3-EEAB-A84E-085AED71DD06}
		{86752E04-961C-48A5-8C17-F6E2065D35C3} = {9E7D0406-0D25-503C-DFAB-2ADB2791A418}
		{89EE2FCB-0E09-A417-1653-0A77BA88F3FB} = {7FB7646D-4138-FB10-37A1-8D15C194EAE0}
		{B651CE24-7719-47AB-9B39-F4FBCD13AFA4} = {89EE2FCB-0E09-A417-1653-0A77BA88F3FB}
		{4FE70075-1FD5-5ACC-04A8-EA72D9C6EC59} = {7FB7646D-4138-FB10-37A1-8D15C194EAE0}
		{948852A6-CBA8-4163-931E-E8B1A6C08E48} = {4FE70075-1FD5-5ACC-04A8-EA72D9C6EC59}
		{114BC79A-3D59-E7C5-771D-BB1E52A6D47D} = {9F786E33-3F68-94F4-D1DA-713E9CA48321}
		{335E152C-33DE-4E58-AFB9-89DF5C887290} = {114BC79A-3D59-E7C5-771D-BB1E52A6D47D}
		{A570D51E-5239-BEC9-DF0C-4EA8ADF70155} = {9F786E33-3F68-94F4-D1DA-713E9CA48321}
		{F4C32BF4-D7E3-4FAD-BF0C-4281B363A6F7} = {A570D51E-5239-BEC9-DF0C-4EA8ADF70155}
	EndGlobalSection
EndGlobal
